
Microsoft Visual Studio Solution File, Format Version 12.00
# Visual Studio 2012
Project("{FAE04EC0-301F-11D3-BF4B-00C04F79EFBC}") = "ReswCodeGen.CustomTool", "ReswCodeGen.CustomTool\ReswCodeGen.CustomTool.csproj", "{27E6A696-F14D-43F0-B3CB-5FAB2BE385D0}"
EndProject
Project("{FAE04EC0-301F-11D3-BF4B-00C04F79EFBC}") = "ReswCodeGen.Tests", "ReswCodeGen.Tests\ReswCodeGen.Tests.csproj", "{B56DDC92-E86D-46AA-BE28-7ACA670EE9CE}"
EndProject
Project("{6141683F-8A12-4E36-9623-2EB02B2C2303}") = "Setup", "Setup\Setup.isproj", "{F2C091E7-8B4A-4629-BF80-738294F5FFB8}"
	ProjectSection(ProjectDependencies) = postProject
		{4180087A-7F13-409B-AFE9-505371874A68} = {4180087A-7F13-409B-AFE9-505371874A68}
		{27E6A696-F14D-43F0-B3CB-5FAB2BE385D0} = {27E6A696-F14D-43F0-B3CB-5FAB2BE385D0}
	EndProjectSection
EndProject
Project("{FAE04EC0-301F-11D3-BF4B-00C04F79EFBC}") = "ReswCodeGen.CustomActions", "ReswCodeGen.CustomActions\ReswCodeGen.CustomActions.csproj", "{4180087A-7F13-409B-AFE9-505371874A68}"
EndProject
Global
	GlobalSection(SolutionConfigurationPlatforms) = preSolution
		CD_ROM|Any CPU = CD_ROM|Any CPU
		Debug|Any CPU = Debug|Any CPU
		DVD-5|Any CPU = DVD-5|Any CPU
		Release|Any CPU = Release|Any CPU
		SingleImage|Any CPU = SingleImage|Any CPU
	EndGlobalSection
	GlobalSection(ProjectConfigurationPlatforms) = postSolution
		{27E6A696-F14D-43F0-B3CB-5FAB2BE385D0}.CD_ROM|Any CPU.ActiveCfg = Release|Any CPU
		{27E6A696-F14D-43F0-B3CB-5FAB2BE385D0}.CD_ROM|Any CPU.Build.0 = Release|Any CPU
		{27E6A696-F14D-43F0-B3CB-5FAB2BE385D0}.Debug|Any CPU.ActiveCfg = Debug|Any CPU
		{27E6A696-F14D-43F0-B3CB-5FAB2BE385D0}.Debug|Any CPU.Build.0 = Debug|Any CPU
		{27E6A696-F14D-43F0-B3CB-5FAB2BE385D0}.DVD-5|Any CPU.ActiveCfg = Debug|Any CPU
		{27E6A696-F14D-43F0-B3CB-5FAB2BE385D0}.DVD-5|Any CPU.Build.0 = Debug|Any CPU
		{27E6A696-F14D-43F0-B3CB-5FAB2BE385D0}.Release|Any CPU.ActiveCfg = Release|Any CPU
		{27E6A696-F14D-43F0-B3CB-5FAB2BE385D0}.Release|Any CPU.Build.0 = Release|Any CPU
		{27E6A696-F14D-43F0-B3CB-5FAB2BE385D0}.SingleImage|Any CPU.ActiveCfg = Release|Any CPU
		{27E6A696-F14D-43F0-B3CB-5FAB2BE385D0}.SingleImage|Any CPU.Build.0 = Release|Any CPU
		{B56DDC92-E86D-46AA-BE28-7ACA670EE9CE}.CD_ROM|Any CPU.ActiveCfg = Release|Any CPU
		{B56DDC92-E86D-46AA-BE28-7ACA670EE9CE}.CD_ROM|Any CPU.Build.0 = Release|Any CPU
		{B56DDC92-E86D-46AA-BE28-7ACA670EE9CE}.Debug|Any CPU.ActiveCfg = Debug|Any CPU
		{B56DDC92-E86D-46AA-BE28-7ACA670EE9CE}.Debug|Any CPU.Build.0 = Debug|Any CPU
		{B56DDC92-E86D-46AA-BE28-7ACA670EE9CE}.DVD-5|Any CPU.ActiveCfg = Debug|Any CPU
		{B56DDC92-E86D-46AA-BE28-7ACA670EE9CE}.DVD-5|Any CPU.Build.0 = Debug|Any CPU
		{B56DDC92-E86D-46AA-BE28-7ACA670EE9CE}.Release|Any CPU.ActiveCfg = Release|Any CPU
		{B56DDC92-E86D-46AA-BE28-7ACA670EE9CE}.Release|Any CPU.Build.0 = Release|Any CPU
		{B56DDC92-E86D-46AA-BE28-7ACA670EE9CE}.SingleImage|Any CPU.ActiveCfg = Release|Any CPU
		{B56DDC92-E86D-46AA-BE28-7ACA670EE9CE}.SingleImage|Any CPU.Build.0 = Release|Any CPU
		{F2C091E7-8B4A-4629-BF80-738294F5FFB8}.CD_ROM|Any CPU.ActiveCfg = CD_ROM
		{F2C091E7-8B4A-4629-BF80-738294F5FFB8}.CD_ROM|Any CPU.Build.0 = CD_ROM
		{F2C091E7-8B4A-4629-BF80-738294F5FFB8}.Debug|Any CPU.ActiveCfg = SingleImage
		{F2C091E7-8B4A-4629-BF80-738294F5FFB8}.DVD-5|Any CPU.ActiveCfg = DVD-5
		{F2C091E7-8B4A-4629-BF80-738294F5FFB8}.DVD-5|Any CPU.Build.0 = DVD-5
		{F2C091E7-8B4A-4629-BF80-738294F5FFB8}.Release|Any CPU.ActiveCfg = CD_ROM
		{F2C091E7-8B4A-4629-BF80-738294F5FFB8}.Release|Any CPU.Build.0 = CD_ROM
		{F2C091E7-8B4A-4629-BF80-738294F5FFB8}.SingleImage|Any CPU.ActiveCfg = SingleImage
		{F2C091E7-8B4A-4629-BF80-738294F5FFB8}.SingleImage|Any CPU.Build.0 = SingleImage
		{4180087A-7F13-409B-AFE9-505371874A68}.CD_ROM|Any CPU.ActiveCfg = Release|Any CPU
		{4180087A-7F13-409B-AFE9-505371874A68}.CD_ROM|Any CPU.Build.0 = Release|Any CPU
		{4180087A-7F13-409B-AFE9-505371874A68}.Debug|Any CPU.ActiveCfg = Debug|Any CPU
		{4180087A-7F13-409B-AFE9-505371874A68}.Debug|Any CPU.Build.0 = Debug|Any CPU
		{4180087A-7F13-409B-AFE9-505371874A68}.DVD-5|Any CPU.ActiveCfg = Debug|Any CPU
		{4180087A-7F13-409B-AFE9-505371874A68}.DVD-5|Any CPU.Build.0 = Debug|Any CPU
		{4180087A-7F13-409B-AFE9-505371874A68}.Release|Any CPU.ActiveCfg = Release|Any CPU
		{4180087A-7F13-409B-AFE9-505371874A68}.Release|Any CPU.Build.0 = Release|Any CPU
		{4180087A-7F13-409B-AFE9-505371874A68}.SingleImage|Any CPU.ActiveCfg = Release|Any CPU
		{4180087A-7F13-409B-AFE9-505371874A68}.SingleImage|Any CPU.Build.0 = Release|Any CPU
	EndGlobalSection
	GlobalSection(SolutionProperties) = preSolution
		HideSolutionNode = FALSE
	EndGlobalSection
EndGlobal
